
Microsoft Visual Studio Solution File, Format Version 12.00
# Visual Studio Version 17
VisualStudioVersion = 17.4.33122.133
MinimumVisualStudioVersion = 10.0.40219.1
Project("{FAE04EC0-301F-11D3-BF4B-00C04F79EFBC}") = "Movie_Exercise", "Movie_Exercise\Movie_Exercise.csproj", "{0F4520C2-860D-4A14-B080-CF890030EC1B}"
EndProject
Global
	GlobalSection(SolutionConfigurationPlatforms) = preSolution
		Debug|Any CPU = Debug|Any CPU
		Release|Any CPU = Release|Any CPU
	EndGlobalSection
	GlobalSection(ProjectConfigurationPlatforms) = postSolution
		{0F4520C2-860D-4A14-B080-CF890030EC1B}.Debug|Any CPU.ActiveCfg = Debug|Any CPU
		{0F4520C2-860D-4A14-B080-CF890030EC1B}.Debug|Any CPU.Build.0 = Debug|Any CPU
		{0F4520C2-860D-4A14-B080-CF890030EC1B}.Release|Any CPU.ActiveCfg = Release|Any CPU
		{0F4520C2-860D-4A14-B080-CF890030EC1B}.Release|Any CPU.Build.0 = Release|Any CPU
	EndGlobalSection
	GlobalSection(SolutionProperties) = preSolution
		HideSolutionNode = FALSE
	EndGlobalSection
	GlobalSection(ExtensibilityGlobals) = postSolution
		SolutionGuid = {269AD3ED-876E-4904-903D-B3CB01D46442}
	EndGlobalSection
EndGlobal
